{
  "originHash" : "c5eb9eca2b1c7a7ea0d2370c06eddb9c36f81a30277e06b3abd1d7d67c783fcc",
  "pins" : [
    {
      "identity" : "aetherengine",
      "kind" : "remoteSourceControl",
      "location" : "https://github.com/superuser404notfound/AetherEngine",
      "state" : {
        "revision" : "079d74b9fad2e878afb892a4c771efd7c7ecfd58"
      }
    },
    {
      "identity" : "ffmpegbuild",
      "kind" : "remoteSourceControl",
      "location" : "https://github.com/superuser404notfound/FFmpegBuild",
      "state" : {
        "revision" : "dcc8041eeeb08aedceb1b053f2a03a27fd12020a",
        "version" : "3.5.0"
      }
    },
    {
      "identity" : "libdovi",
      "kind" : "remoteSourceControl",
      "location" : "https://github.com/superuser404notfound/LibDovi",
      "state" : {
        "revision" : "0d7cce1d6836a30d13a3a2326e50a153af53f014",
        "version" : "2.1.0"
      }
    },
    {
      "identity" : "smbclient",
      "kind" : "remoteSourceControl",
      "location" : "https://github.com/kishikawakatsumi/SMBClient",
      "state" : {
        "revision" : "e636c2b2458930770932a36d311ec9d478575b90",
        "version" : "0.3.1"
      }
    },
    {
      "identity" : "vlckit-spm",
      "kind" : "remoteSourceControl",
      "location" : "https://github.com/virtualox/vlckit-spm",
      "state" : {
        "revision" : "d519d72b6da0c790791a20c0f43a8fef1c394e78",
        "version" : "4.0.0-alpha.21"
      }
    }
  ],
  "version" : 3
}
