{
  "originHash" : "c5eb9eca2b1c7a7ea0d2370c06eddb9c36f81a30277e06b3abd1d7d67c783fcc",
  "pins" : [
    {
      "identity" : "aetherengine",
      "kind" : "remoteSourceControl",
      "location" : "https://github.com/superuser404notfound/AetherEngine",
      "state" : {
        "revision" : "73354ec8c6d20ca954b1874254b69fa19e2ffce5"
      }
    },
    {
      "identity" : "ffmpegbuild",
      "kind" : "remoteSourceControl",
      "location" : "https://github.com/superuser404notfound/FFmpegBuild",
      "state" : {
        "revision" : "35f393fd588b7fa14452c3b4cc5d7c40e472c5e3",
        "version" : "2.4.2"
      }
    },
    {
      "identity" : "libdovi",
      "kind" : "remoteSourceControl",
      "location" : "https://github.com/superuser404notfound/LibDovi",
      "state" : {
        "revision" : "89be93431c2a5f2e54fb77e93059071b8d2ddb3a",
        "version" : "2.0.0"
      }
    },
    {
      "identity" : "smbclient",
      "kind" : "remoteSourceControl",
      "location" : "https://github.com/kishikawakatsumi/SMBClient",
      "state" : {
        "revision" : "e636c2b2458930770932a36d311ec9d478575b90",
        "version" : "0.3.1"
      }
    },
    {
      "identity" : "vlckit-spm",
      "kind" : "remoteSourceControl",
      "location" : "https://github.com/virtualox/vlckit-spm",
      "state" : {
        "revision" : "d519d72b6da0c790791a20c0f43a8fef1c394e78",
        "version" : "4.0.0-alpha.21"
      }
    }
  ],
  "version" : 3
}
