// !$*UTF8*$!
{
	archiveVersion = 1;
	classes = {
	};
	objectVersion = 77;
	objects = {

/* Begin PBXBuildFile section */
		085991C26114125B5EBEFB3A /* BenchRunner.swift in Sources */ = {isa = PBXBuildFile; fileRef = 53B90A2EF1C8E61E4FF9F0EA /* BenchRunner.swift */; };
		08FDF58F2D491FF95CBDB38A /* KSPlayerBackendTests.swift in Sources */ = {isa = PBXBuildFile; fileRef = 7F794A13771A02ACF3769301 /* KSPlayerBackendTests.swift */; };
		14C74A84D7D0DC75CA34E6BE /* BenchWindow.swift in Sources */ = {isa = PBXBuildFile; fileRef = E1E21C109D07789CADDA69FD /* BenchWindow.swift */; };
		6D09D1E19DBA68586D0526F7 /* BenchRunner.swift in Sources */ = {isa = PBXBuildFile; fileRef = 53B90A2EF1C8E61E4FF9F0EA /* BenchRunner.swift */; };
		76BD87236062AAB3C9E592BE /* BenchBackend.swift in Sources */ = {isa = PBXBuildFile; fileRef = 6632AFCDAB92A50BE9241DBA /* BenchBackend.swift */; };
		7D68C1FAF7802800AC59BB8B /* main.swift in Sources */ = {isa = PBXBuildFile; fileRef = A2FF16BBC99D3F91FB561598 /* main.swift */; };
		7FB5919D65A91868725C517D /* BenchReport.swift in Sources */ = {isa = PBXBuildFile; fileRef = 2AB5D3C247E98329A91F9442 /* BenchReport.swift */; };
		8E2E5EAF5352A755B905F14C /* BenchReport.swift in Sources */ = {isa = PBXBuildFile; fileRef = 2AB5D3C247E98329A91F9442 /* BenchReport.swift */; };
		911130A39F131EC36BB1FE72 /* BenchArguments.swift in Sources */ = {isa = PBXBuildFile; fileRef = D1F87BFE84DC773ABC39F37E /* BenchArguments.swift */; };
		91C75B097309C458D33EAEBE /* BackendFactory.swift in Sources */ = {isa = PBXBuildFile; fileRef = A4021AE3FB56DD84BF6335A5 /* BackendFactory.swift */; };
		98A6987D499F3F9D7D213A2C /* BenchArguments.swift in Sources */ = {isa = PBXBuildFile; fileRef = D1F87BFE84DC773ABC39F37E /* BenchArguments.swift */; };
		A22AD30FB4F245D5F0AC01DA /* KSPlayer in Frameworks */ = {isa = PBXBuildFile; productRef = 845E200CFE86DB04DC0448A4 /* KSPlayer */; };
		AF5DE888B01495A18BF5F0E0 /* BenchWindow.swift in Sources */ = {isa = PBXBuildFile; fileRef = E1E21C109D07789CADDA69FD /* BenchWindow.swift */; };
		B740B13D4F5F71E8923447D8 /* KSPlayerBackend.swift in Sources */ = {isa = PBXBuildFile; fileRef = 2FCE5A2D6E5875BF19F6A305 /* KSPlayerBackend.swift */; };
		C38BEA48AAAD690D525879C8 /* main.swift in Sources */ = {isa = PBXBuildFile; fileRef = A2FF16BBC99D3F91FB561598 /* main.swift */; };
		CC63AED98792F7AA9FEAFB60 /* BackendFactory.swift in Sources */ = {isa = PBXBuildFile; fileRef = A4021AE3FB56DD84BF6335A5 /* BackendFactory.swift */; };
		D7E5C30721DF650C8D3D1BDB /* KSPlayerBackend.swift in Sources */ = {isa = PBXBuildFile; fileRef = 2FCE5A2D6E5875BF19F6A305 /* KSPlayerBackend.swift */; };
		DDE4DA9584BCD8567B6776A7 /* BenchBackend.swift in Sources */ = {isa = PBXBuildFile; fileRef = 6632AFCDAB92A50BE9241DBA /* BenchBackend.swift */; };
		EC8D2ED66180492B7CFB4946 /* KSPlayer in Frameworks */ = {isa = PBXBuildFile; productRef = 617A13E26F7FD450D4A6D9BA /* KSPlayer */; };
/* End PBXBuildFile section */

/* Begin PBXFileReference section */
		05F6D26D96E61E397CAF62B9 /* KSBenchTests.xctest */ = {isa = PBXFileReference; explicitFileType = wrapper.cfbundle; includeInIndex = 0; path = KSBenchTests.xctest; sourceTree = BUILT_PRODUCTS_DIR; };
		2AB5D3C247E98329A91F9442 /* BenchReport.swift */ = {isa = PBXFileReference; lastKnownFileType = sourcecode.swift; path = BenchReport.swift; sourceTree = "<group>"; };
		2E1DC22F66BE609C2F8BD2B4 /* .gitkeep */ = {isa = PBXFileReference; path = .gitkeep; sourceTree = "<group>"; };
		2FCE5A2D6E5875BF19F6A305 /* KSPlayerBackend.swift */ = {isa = PBXFileReference; lastKnownFileType = sourcecode.swift; path = KSPlayerBackend.swift; sourceTree = "<group>"; };
		53B90A2EF1C8E61E4FF9F0EA /* BenchRunner.swift */ = {isa = PBXFileReference; lastKnownFileType = sourcecode.swift; path = BenchRunner.swift; sourceTree = "<group>"; };
		6632AFCDAB92A50BE9241DBA /* BenchBackend.swift */ = {isa = PBXFileReference; lastKnownFileType = sourcecode.swift; path = BenchBackend.swift; sourceTree = "<group>"; };
		7F794A13771A02ACF3769301 /* KSPlayerBackendTests.swift */ = {isa = PBXFileReference; lastKnownFileType = sourcecode.swift; path = KSPlayerBackendTests.swift; sourceTree = "<group>"; };
		8B1F804C2DF5EEC316779A62 /* KSBench */ = {isa = PBXFileReference; includeInIndex = 0; path = KSBench; sourceTree = BUILT_PRODUCTS_DIR; };
		A2FF16BBC99D3F91FB561598 /* main.swift */ = {isa = PBXFileReference; lastKnownFileType = sourcecode.swift; path = main.swift; sourceTree = "<group>"; };
		A4021AE3FB56DD84BF6335A5 /* BackendFactory.swift */ = {isa = PBXFileReference; lastKnownFileType = sourcecode.swift; path = BackendFactory.swift; sourceTree = "<group>"; };
		D1F87BFE84DC773ABC39F37E /* BenchArguments.swift */ = {isa = PBXFileReference; lastKnownFileType = sourcecode.swift; path = BenchArguments.swift; sourceTree = "<group>"; };
		E1E21C109D07789CADDA69FD /* BenchWindow.swift */ = {isa = PBXFileReference; lastKnownFileType = sourcecode.swift; path = BenchWindow.swift; sourceTree = "<group>"; };
/* End PBXFileReference section */

/* Begin PBXFrameworksBuildPhase section */
		0113CBD8BCD88D0F8DB12B04 /* Frameworks */ = {
			isa = PBXFrameworksBuildPhase;
			buildActionMask = 2147483647;
			files = (
				EC8D2ED66180492B7CFB4946 /* KSPlayer in Frameworks */,
			);
			runOnlyForDeploymentPostprocessing = 0;
		};
		30630A2060198E78079FD2E8 /* Frameworks */ = {
			isa = PBXFrameworksBuildPhase;
			buildActionMask = 2147483647;
			files = (
				A22AD30FB4F245D5F0AC01DA /* KSPlayer in Frameworks */,
			);
			runOnlyForDeploymentPostprocessing = 0;
		};
/* End PBXFrameworksBuildPhase section */

/* Begin PBXGroup section */
		3F1DBDD5308E6FC53A4B3BA1 /* Shared */ = {
			isa = PBXGroup;
			children = (
				A4021AE3FB56DD84BF6335A5 /* BackendFactory.swift */,
				D1F87BFE84DC773ABC39F37E /* BenchArguments.swift */,
				6632AFCDAB92A50BE9241DBA /* BenchBackend.swift */,
				2AB5D3C247E98329A91F9442 /* BenchReport.swift */,
				53B90A2EF1C8E61E4FF9F0EA /* BenchRunner.swift */,
				E1E21C109D07789CADDA69FD /* BenchWindow.swift */,
				A2FF16BBC99D3F91FB561598 /* main.swift */,
			);
			path = Shared;
			sourceTree = "<group>";
		};
		532585D6B6EEE49216AED7AE /* Products */ = {
			isa = PBXGroup;
			children = (
				8B1F804C2DF5EEC316779A62 /* KSBench */,
				05F6D26D96E61E397CAF62B9 /* KSBenchTests.xctest */,
			);
			name = Products;
			sourceTree = "<group>";
		};
		57F508D47F26F301FF4C45F7 /* Tests */ = {
			isa = PBXGroup;
			children = (
				B3F2AE7402D9998C04A1CC0C /* KSBenchTests */,
			);
			path = Tests;
			sourceTree = "<group>";
		};
		83A57A049192A993E8253FCB /* Sources */ = {
			isa = PBXGroup;
			children = (
				E07BC387278C9E69B94782EB /* Backends */,
				3F1DBDD5308E6FC53A4B3BA1 /* Shared */,
			);
			path = Sources;
			sourceTree = "<group>";
		};
		8E78CF77F1A06FD12B002D0F = {
			isa = PBXGroup;
			children = (
				83A57A049192A993E8253FCB /* Sources */,
				57F508D47F26F301FF4C45F7 /* Tests */,
				532585D6B6EEE49216AED7AE /* Products */,
			);
			sourceTree = "<group>";
		};
		B3F2AE7402D9998C04A1CC0C /* KSBenchTests */ = {
			isa = PBXGroup;
			children = (
				2E1DC22F66BE609C2F8BD2B4 /* .gitkeep */,
				7F794A13771A02ACF3769301 /* KSPlayerBackendTests.swift */,
			);
			path = KSBenchTests;
			sourceTree = "<group>";
		};
		E07BC387278C9E69B94782EB /* Backends */ = {
			isa = PBXGroup;
			children = (
				2FCE5A2D6E5875BF19F6A305 /* KSPlayerBackend.swift */,
			);
			path = Backends;
			sourceTree = "<group>";
		};
/* End PBXGroup section */

/* Begin PBXNativeTarget section */
		3823D08A4AFCE35E00E1440B /* KSBench */ = {
			isa = PBXNativeTarget;
			buildConfigurationList = 1A1FE87274DD0896F906AF63 /* Build configuration list for PBXNativeTarget "KSBench" */;
			buildPhases = (
				E8E9907AD525269BF6AFD806 /* Sources */,
				0113CBD8BCD88D0F8DB12B04 /* Frameworks */,
			);
			buildRules = (
			);
			dependencies = (
			);
			name = KSBench;
			packageProductDependencies = (
				617A13E26F7FD450D4A6D9BA /* KSPlayer */,
			);
			productName = KSBench;
			productReference = 8B1F804C2DF5EEC316779A62 /* KSBench */;
			productType = "com.apple.product-type.tool";
		};
		4367CB8ADFCDAFD7EE2047F4 /* KSBenchTests */ = {
			isa = PBXNativeTarget;
			buildConfigurationList = 0DDD59A06D7DCA48E436D55E /* Build configuration list for PBXNativeTarget "KSBenchTests" */;
			buildPhases = (
				006F7EA78B320D567275F87C /* Sources */,
				30630A2060198E78079FD2E8 /* Frameworks */,
			);
			buildRules = (
			);
			dependencies = (
			);
			name = KSBenchTests;
			packageProductDependencies = (
				845E200CFE86DB04DC0448A4 /* KSPlayer */,
			);
			productName = KSBenchTests;
			productReference = 05F6D26D96E61E397CAF62B9 /* KSBenchTests.xctest */;
			productType = "com.apple.product-type.bundle.unit-test";
		};
/* End PBXNativeTarget section */

/* Begin PBXProject section */
		D7417526656D8EB4D5E9C3CE /* Project object */ = {
			isa = PBXProject;
			attributes = {
				BuildIndependentTargetsInParallel = YES;
				LastUpgradeCheck = 1430;
				TargetAttributes = {
				};
			};
			buildConfigurationList = FEF47D7422BD132AF359DD2C /* Build configuration list for PBXProject "KSBench" */;
			developmentRegion = en;
			hasScannedForEncodings = 0;
			knownRegions = (
				Base,
				en,
			);
			mainGroup = 8E78CF77F1A06FD12B002D0F;
			minimizedProjectReferenceProxies = 1;
			packageReferences = (
				F683558C7F93FA7416D0A4F4 /* XCRemoteSwiftPackageReference "KSPlayer" */,
			);
			preferredProjectObjectVersion = 77;
			productRefGroup = 532585D6B6EEE49216AED7AE /* Products */;
			projectDirPath = "";
			projectRoot = "";
			targets = (
				3823D08A4AFCE35E00E1440B /* KSBench */,
				4367CB8ADFCDAFD7EE2047F4 /* KSBenchTests */,
			);
		};
/* End PBXProject section */

/* Begin PBXSourcesBuildPhase section */
		006F7EA78B320D567275F87C /* Sources */ = {
			isa = PBXSourcesBuildPhase;
			buildActionMask = 2147483647;
			files = (
				CC63AED98792F7AA9FEAFB60 /* BackendFactory.swift in Sources */,
				911130A39F131EC36BB1FE72 /* BenchArguments.swift in Sources */,
				76BD87236062AAB3C9E592BE /* BenchBackend.swift in Sources */,
				7FB5919D65A91868725C517D /* BenchReport.swift in Sources */,
				6D09D1E19DBA68586D0526F7 /* BenchRunner.swift in Sources */,
				14C74A84D7D0DC75CA34E6BE /* BenchWindow.swift in Sources */,
				D7E5C30721DF650C8D3D1BDB /* KSPlayerBackend.swift in Sources */,
				08FDF58F2D491FF95CBDB38A /* KSPlayerBackendTests.swift in Sources */,
				C38BEA48AAAD690D525879C8 /* main.swift in Sources */,
			);
			runOnlyForDeploymentPostprocessing = 0;
		};
		E8E9907AD525269BF6AFD806 /* Sources */ = {
			isa = PBXSourcesBuildPhase;
			buildActionMask = 2147483647;
			files = (
				91C75B097309C458D33EAEBE /* BackendFactory.swift in Sources */,
				98A6987D499F3F9D7D213A2C /* BenchArguments.swift in Sources */,
				DDE4DA9584BCD8567B6776A7 /* BenchBackend.swift in Sources */,
				8E2E5EAF5352A755B905F14C /* BenchReport.swift in Sources */,
				085991C26114125B5EBEFB3A /* BenchRunner.swift in Sources */,
				AF5DE888B01495A18BF5F0E0 /* BenchWindow.swift in Sources */,
				B740B13D4F5F71E8923447D8 /* KSPlayerBackend.swift in Sources */,
				7D68C1FAF7802800AC59BB8B /* main.swift in Sources */,
			);
			runOnlyForDeploymentPostprocessing = 0;
		};
/* End PBXSourcesBuildPhase section */

/* Begin XCBuildConfiguration section */
		00871D6730ACA981CB858744 /* Debug */ = {
			isa = XCBuildConfiguration;
			buildSettings = {
				BUNDLE_LOADER = "$(TEST_HOST)";
				COMBINE_HIDPI_IMAGES = YES;
				GENERATE_INFOPLIST_FILE = YES;
				LD_RUNPATH_SEARCH_PATHS = (
					"$(inherited)",
					"@executable_path/../Frameworks",
					"@loader_path/../Frameworks",
				);
				PRODUCT_BUNDLE_IDENTIFIER = de.superuser404.KSBenchTests;
				SDKROOT = macosx;
				SWIFT_ACTIVE_COMPILATION_CONDITIONS = BACKEND_KSPLAYER;
			};
			name = Debug;
		};
		33DF890E124BAFF56B95F77F /* Release */ = {
			isa = XCBuildConfiguration;
			buildSettings = {
				BUNDLE_LOADER = "$(TEST_HOST)";
				COMBINE_HIDPI_IMAGES = YES;
				GENERATE_INFOPLIST_FILE = YES;
				LD_RUNPATH_SEARCH_PATHS = (
					"$(inherited)",
					"@executable_path/../Frameworks",
					"@loader_path/../Frameworks",
				);
				PRODUCT_BUNDLE_IDENTIFIER = de.superuser404.KSBenchTests;
				SDKROOT = macosx;
				SWIFT_ACTIVE_COMPILATION_CONDITIONS = BACKEND_KSPLAYER;
			};
			name = Release;
		};
		ABF9B849E7BBBD1F306CBE4D /* Release */ = {
			isa = XCBuildConfiguration;
			buildSettings = {
				COMBINE_HIDPI_IMAGES = YES;
				LD_RUNPATH_SEARCH_PATHS = (
					"$(inherited)",
					"@executable_path/../Frameworks",
				);
				PRODUCT_BUNDLE_IDENTIFIER = de.superuser404.KSBench;
				SDKROOT = macosx;
				SWIFT_ACTIVE_COMPILATION_CONDITIONS = BACKEND_KSPLAYER;
			};
			name = Release;
		};
		BD75E3655A59AB41E2EDDA22 /* Debug */ = {
			isa = XCBuildConfiguration;
			buildSettings = {
				COMBINE_HIDPI_IMAGES = YES;
				LD_RUNPATH_SEARCH_PATHS = (
					"$(inherited)",
					"@executable_path/../Frameworks",
				);
				PRODUCT_BUNDLE_IDENTIFIER = de.superuser404.KSBench;
				SDKROOT = macosx;
				SWIFT_ACTIVE_COMPILATION_CONDITIONS = BACKEND_KSPLAYER;
			};
			name = Debug;
		};
		D782502720A98B5035E0EA64 /* Release */ = {
			isa = XCBuildConfiguration;
			buildSettings = {
				ALWAYS_SEARCH_USER_PATHS = NO;
				ARCHS = "$(ARCHS_STANDARD)";
				CLANG_ANALYZER_NONNULL = YES;
				CLANG_ANALYZER_NUMBER_OBJECT_CONVERSION = YES_AGGRESSIVE;
				CLANG_CXX_LANGUAGE_STANDARD = "gnu++14";
				CLANG_CXX_LIBRARY = "libc++";
				CLANG_ENABLE_MODULES = YES;
				CLANG_ENABLE_OBJC_ARC = YES;
				CLANG_ENABLE_OBJC_WEAK = YES;
				CLANG_WARN_BLOCK_CAPTURE_AUTORELEASING = YES;
				CLANG_WARN_BOOL_CONVERSION = YES;
				CLANG_WARN_COMMA = YES;
				CLANG_WARN_CONSTANT_CONVERSION = YES;
				CLANG_WARN_DEPRECATED_OBJC_IMPLEMENTATIONS = YES;
				CLANG_WARN_DIRECT_OBJC_ISA_USAGE = YES_ERROR;
				CLANG_WARN_DOCUMENTATION_COMMENTS = YES;
				CLANG_WARN_EMPTY_BODY = YES;
				CLANG_WARN_ENUM_CONVERSION = YES;
				CLANG_WARN_INFINITE_RECURSION = YES;
				CLANG_WARN_INT_CONVERSION = YES;
				CLANG_WARN_NON_LITERAL_NULL_CONVERSION = YES;
				CLANG_WARN_OBJC_IMPLICIT_RETAIN_SELF = YES;
				CLANG_WARN_OBJC_LITERAL_CONVERSION = YES;
				CLANG_WARN_OBJC_ROOT_CLASS = YES_ERROR;
				CLANG_WARN_QUOTED_INCLUDE_IN_FRAMEWORK_HEADER = YES;
				CLANG_WARN_RANGE_LOOP_ANALYSIS = YES;
				CLANG_WARN_STRICT_PROTOTYPES = YES;
				CLANG_WARN_SUSPICIOUS_MOVE = YES;
				CLANG_WARN_UNGUARDED_AVAILABILITY = YES_AGGRESSIVE;
				CLANG_WARN_UNREACHABLE_CODE = YES;
				CLANG_WARN__DUPLICATE_METHOD_MATCH = YES;
				COPY_PHASE_STRIP = NO;
				DEBUG_INFORMATION_FORMAT = "dwarf-with-dsym";
				ENABLE_NS_ASSERTIONS = NO;
				ENABLE_STRICT_OBJC_MSGSEND = YES;
				GCC_C_LANGUAGE_STANDARD = gnu11;
				GCC_NO_COMMON_BLOCKS = YES;
				GCC_WARN_64_TO_32_BIT_CONVERSION = YES;
				GCC_WARN_ABOUT_RETURN_TYPE = YES_ERROR;
				GCC_WARN_UNDECLARED_SELECTOR = YES;
				GCC_WARN_UNINITIALIZED_AUTOS = YES_AGGRESSIVE;
				GCC_WARN_UNUSED_FUNCTION = YES;
				GCC_WARN_UNUSED_VARIABLE = YES;
				MACOSX_DEPLOYMENT_TARGET = 14.0;
				MTL_ENABLE_DEBUG_INFO = NO;
				MTL_FAST_MATH = YES;
				PRODUCT_NAME = "$(TARGET_NAME)";
				SDKROOT = macosx;
				SWIFT_COMPILATION_MODE = wholemodule;
				SWIFT_OPTIMIZATION_LEVEL = "-O";
				SWIFT_VERSION = 6.0;
			};
			name = Release;
		};
		EDA3C0920FBEDF52EF4AA8B6 /* Debug */ = {
			isa = XCBuildConfiguration;
			buildSettings = {
				ALWAYS_SEARCH_USER_PATHS = NO;
				ARCHS = "$(ARCHS_STANDARD)";
				CLANG_ANALYZER_NONNULL = YES;
				CLANG_ANALYZER_NUMBER_OBJECT_CONVERSION = YES_AGGRESSIVE;
				CLANG_CXX_LANGUAGE_STANDARD = "gnu++14";
				CLANG_CXX_LIBRARY = "libc++";
				CLANG_ENABLE_MODULES = YES;
				CLANG_ENABLE_OBJC_ARC = YES;
				CLANG_ENABLE_OBJC_WEAK = YES;
				CLANG_WARN_BLOCK_CAPTURE_AUTORELEASING = YES;
				CLANG_WARN_BOOL_CONVERSION = YES;
				CLANG_WARN_COMMA = YES;
				CLANG_WARN_CONSTANT_CONVERSION = YES;
				CLANG_WARN_DEPRECATED_OBJC_IMPLEMENTATIONS = YES;
				CLANG_WARN_DIRECT_OBJC_ISA_USAGE = YES_ERROR;
				CLANG_WARN_DOCUMENTATION_COMMENTS = YES;
				CLANG_WARN_EMPTY_BODY = YES;
				CLANG_WARN_ENUM_CONVERSION = YES;
				CLANG_WARN_INFINITE_RECURSION = YES;
				CLANG_WARN_INT_CONVERSION = YES;
				CLANG_WARN_NON_LITERAL_NULL_CONVERSION = YES;
				CLANG_WARN_OBJC_IMPLICIT_RETAIN_SELF = YES;
				CLANG_WARN_OBJC_LITERAL_CONVERSION = YES;
				CLANG_WARN_OBJC_ROOT_CLASS = YES_ERROR;
				CLANG_WARN_QUOTED_INCLUDE_IN_FRAMEWORK_HEADER = YES;
				CLANG_WARN_RANGE_LOOP_ANALYSIS = YES;
				CLANG_WARN_STRICT_PROTOTYPES = YES;
				CLANG_WARN_SUSPICIOUS_MOVE = YES;
				CLANG_WARN_UNGUARDED_AVAILABILITY = YES_AGGRESSIVE;
				CLANG_WARN_UNREACHABLE_CODE = YES;
				CLANG_WARN__DUPLICATE_METHOD_MATCH = YES;
				COPY_PHASE_STRIP = NO;
				DEBUG_INFORMATION_FORMAT = dwarf;
				ENABLE_STRICT_OBJC_MSGSEND = YES;
				ENABLE_TESTABILITY = YES;
				GCC_C_LANGUAGE_STANDARD = gnu11;
				GCC_DYNAMIC_NO_PIC = NO;
				GCC_NO_COMMON_BLOCKS = YES;
				GCC_OPTIMIZATION_LEVEL = 0;
				GCC_PREPROCESSOR_DEFINITIONS = (
					"$(inherited)",
					"DEBUG=1",
				);
				GCC_WARN_64_TO_32_BIT_CONVERSION = YES;
				GCC_WARN_ABOUT_RETURN_TYPE = YES_ERROR;
				GCC_WARN_UNDECLARED_SELECTOR = YES;
				GCC_WARN_UNINITIALIZED_AUTOS = YES_AGGRESSIVE;
				GCC_WARN_UNUSED_FUNCTION = YES;
				GCC_WARN_UNUSED_VARIABLE = YES;
				MACOSX_DEPLOYMENT_TARGET = 14.0;
				MTL_ENABLE_DEBUG_INFO = INCLUDE_SOURCE;
				MTL_FAST_MATH = YES;
				ONLY_ACTIVE_ARCH = YES;
				PRODUCT_NAME = "$(TARGET_NAME)";
				SDKROOT = macosx;
				SWIFT_ACTIVE_COMPILATION_CONDITIONS = DEBUG;
				SWIFT_OPTIMIZATION_LEVEL = "-Onone";
				SWIFT_VERSION = 6.0;
			};
			name = Debug;
		};
/* End XCBuildConfiguration section */

/* Begin XCConfigurationList section */
		0DDD59A06D7DCA48E436D55E /* Build configuration list for PBXNativeTarget "KSBenchTests" */ = {
			isa = XCConfigurationList;
			buildConfigurations = (
				00871D6730ACA981CB858744 /* Debug */,
				33DF890E124BAFF56B95F77F /* Release */,
			);
			defaultConfigurationIsVisible = 0;
			defaultConfigurationName = Debug;
		};
		1A1FE87274DD0896F906AF63 /* Build configuration list for PBXNativeTarget "KSBench" */ = {
			isa = XCConfigurationList;
			buildConfigurations = (
				BD75E3655A59AB41E2EDDA22 /* Debug */,
				ABF9B849E7BBBD1F306CBE4D /* Release */,
			);
			defaultConfigurationIsVisible = 0;
			defaultConfigurationName = Debug;
		};
		FEF47D7422BD132AF359DD2C /* Build configuration list for PBXProject "KSBench" */ = {
			isa = XCConfigurationList;
			buildConfigurations = (
				EDA3C0920FBEDF52EF4AA8B6 /* Debug */,
				D782502720A98B5035E0EA64 /* Release */,
			);
			defaultConfigurationIsVisible = 0;
			defaultConfigurationName = Debug;
		};
/* End XCConfigurationList section */

/* Begin XCRemoteSwiftPackageReference section */
		F683558C7F93FA7416D0A4F4 /* XCRemoteSwiftPackageReference "KSPlayer" */ = {
			isa = XCRemoteSwiftPackageReference;
			repositoryURL = "https://github.com/kingslay/KSPlayer";
			requirement = {
				kind = exactVersion;
				version = 2.3.4;
			};
		};
/* End XCRemoteSwiftPackageReference section */

/* Begin XCSwiftPackageProductDependency section */
		617A13E26F7FD450D4A6D9BA /* KSPlayer */ = {
			isa = XCSwiftPackageProductDependency;
			package = F683558C7F93FA7416D0A4F4 /* XCRemoteSwiftPackageReference "KSPlayer" */;
			productName = KSPlayer;
		};
		845E200CFE86DB04DC0448A4 /* KSPlayer */ = {
			isa = XCSwiftPackageProductDependency;
			package = F683558C7F93FA7416D0A4F4 /* XCRemoteSwiftPackageReference "KSPlayer" */;
			productName = KSPlayer;
		};
/* End XCSwiftPackageProductDependency section */
	};
	rootObject = D7417526656D8EB4D5E9C3CE /* Project object */;
}
