// !$*UTF8*$!
{
	archiveVersion = 1;
	classes = {
	};
	objectVersion = 77;
	objects = {

/* Begin PBXBuildFile section */
		03F0792670DC1819F2EBCFBE /* BenchArgumentsTests.swift in Sources */ = {isa = PBXBuildFile; fileRef = D103E6CBC42AF0C4090E92E1 /* BenchArgumentsTests.swift */; };
		08E23763E283E52610D2229F /* main.swift in Sources */ = {isa = PBXBuildFile; fileRef = 05B1C4DB1FEC7C68EDEFDD27 /* main.swift */; };
		0A101E37DF92734363616EFC /* VLCKitSPM in Frameworks */ = {isa = PBXBuildFile; productRef = D6C1BB455C6B5CC146A1DA07 /* VLCKitSPM */; };
		157993BC07585EDF7A29DB12 /* AVPlayerBackend.swift in Sources */ = {isa = PBXBuildFile; fileRef = F4943A793DE0089C443CAF03 /* AVPlayerBackend.swift */; };
		1E97A2C683EAC8EA2F5529C9 /* BenchReport.swift in Sources */ = {isa = PBXBuildFile; fileRef = 3383D8D5A4DB82104534436D /* BenchReport.swift */; };
		1EA9051311FCF449415FE100 /* BenchArguments.swift in Sources */ = {isa = PBXBuildFile; fileRef = E9CAA105AA118C8B8928E5A4 /* BenchArguments.swift */; };
		1FF61BF550BD2213EA80EFA0 /* AetherBackend.swift in Sources */ = {isa = PBXBuildFile; fileRef = 01EC7F4D6CCE785DA4637BBA /* AetherBackend.swift */; };
		33E3797F81BB39FD2A715E21 /* BenchReport.swift in Sources */ = {isa = PBXBuildFile; fileRef = 3383D8D5A4DB82104534436D /* BenchReport.swift */; };
		34F7950E02E77B474A631D87 /* main.swift in Sources */ = {isa = PBXBuildFile; fileRef = 05B1C4DB1FEC7C68EDEFDD27 /* main.swift */; };
		42E785CC969B279D3BA09DA4 /* VLCKitSPM in Frameworks */ = {isa = PBXBuildFile; productRef = D0631080D0E20E9C5B301BE4 /* VLCKitSPM */; };
		50E07C477043BFB03E953476 /* BenchArguments.swift in Sources */ = {isa = PBXBuildFile; fileRef = E9CAA105AA118C8B8928E5A4 /* BenchArguments.swift */; };
		64162293DD5121DC26578C45 /* BenchArguments.swift in Sources */ = {isa = PBXBuildFile; fileRef = E9CAA105AA118C8B8928E5A4 /* BenchArguments.swift */; };
		65F854F7931ECA6BCE785D4F /* BenchArguments.swift in Sources */ = {isa = PBXBuildFile; fileRef = E9CAA105AA118C8B8928E5A4 /* BenchArguments.swift */; };
		729A2109FB003DBD2DF8942C /* BenchArguments.swift in Sources */ = {isa = PBXBuildFile; fileRef = E9CAA105AA118C8B8928E5A4 /* BenchArguments.swift */; };
		8B11C39880052B4265AEADC4 /* BenchReport.swift in Sources */ = {isa = PBXBuildFile; fileRef = 3383D8D5A4DB82104534436D /* BenchReport.swift */; };
		B2D8D42E09D732620E1A21A8 /* VLCKitBackend.swift in Sources */ = {isa = PBXBuildFile; fileRef = E4CE92192C20DF62D27EFF43 /* VLCKitBackend.swift */; };
		B2DDD0CC7A4C0FFB5C249963 /* main.swift in Sources */ = {isa = PBXBuildFile; fileRef = 05B1C4DB1FEC7C68EDEFDD27 /* main.swift */; };
		BCF808A04BE1EB094438DA36 /* main.swift in Sources */ = {isa = PBXBuildFile; fileRef = 05B1C4DB1FEC7C68EDEFDD27 /* main.swift */; };
		C6FAB7B7A975961EB8303270 /* BenchReport.swift in Sources */ = {isa = PBXBuildFile; fileRef = 3383D8D5A4DB82104534436D /* BenchReport.swift */; };
		D018D7B84093732111C98F64 /* BenchReport.swift in Sources */ = {isa = PBXBuildFile; fileRef = 3383D8D5A4DB82104534436D /* BenchReport.swift */; };
		D62B467B83B709E89FA941C8 /* main.swift in Sources */ = {isa = PBXBuildFile; fileRef = 05B1C4DB1FEC7C68EDEFDD27 /* main.swift */; };
		DBF67837DB79AD0334624968 /* main.swift in Sources */ = {isa = PBXBuildFile; fileRef = 05B1C4DB1FEC7C68EDEFDD27 /* main.swift */; };
		DDDBAE9C5CD82A007F3E0B9A /* AetherEngine in Frameworks */ = {isa = PBXBuildFile; productRef = 860117A5A96DB12D6293F2B2 /* AetherEngine */; };
		E3C7F3BCB49548907B16741F /* BenchArguments.swift in Sources */ = {isa = PBXBuildFile; fileRef = E9CAA105AA118C8B8928E5A4 /* BenchArguments.swift */; };
		E9D9EEDE41CC0DBAEACC3F51 /* AetherEngine in Frameworks */ = {isa = PBXBuildFile; productRef = A7F563DFE1A29100755DB79B /* AetherEngine */; };
		F947168733B8520676B4FD20 /* AVPlayerBackend.swift in Sources */ = {isa = PBXBuildFile; fileRef = F4943A793DE0089C443CAF03 /* AVPlayerBackend.swift */; };
		FC431FC04EE8E84738897514 /* VLCKitBackend.swift in Sources */ = {isa = PBXBuildFile; fileRef = E4CE92192C20DF62D27EFF43 /* VLCKitBackend.swift */; };
		FD6F7C9DD6778F40EE9B118A /* AetherBackend.swift in Sources */ = {isa = PBXBuildFile; fileRef = 01EC7F4D6CCE785DA4637BBA /* AetherBackend.swift */; };
		FD9D86651563C56C3295CDD1 /* BenchReport.swift in Sources */ = {isa = PBXBuildFile; fileRef = 3383D8D5A4DB82104534436D /* BenchReport.swift */; };
/* End PBXBuildFile section */

/* Begin PBXFileReference section */
		01EC7F4D6CCE785DA4637BBA /* AetherBackend.swift */ = {isa = PBXFileReference; lastKnownFileType = sourcecode.swift; path = AetherBackend.swift; sourceTree = "<group>"; };
		05B1C4DB1FEC7C68EDEFDD27 /* main.swift */ = {isa = PBXFileReference; lastKnownFileType = sourcecode.swift; path = main.swift; sourceTree = "<group>"; };
		21CA0390DADF53830CC00308 /* .gitkeep */ = {isa = PBXFileReference; path = .gitkeep; sourceTree = "<group>"; };
		3383D8D5A4DB82104534436D /* BenchReport.swift */ = {isa = PBXFileReference; lastKnownFileType = sourcecode.swift; path = BenchReport.swift; sourceTree = "<group>"; };
		597B03D72BE6F706C3F002E9 /* AetherBenchTests.xctest */ = {isa = PBXFileReference; explicitFileType = wrapper.cfbundle; includeInIndex = 0; path = AetherBenchTests.xctest; sourceTree = BUILT_PRODUCTS_DIR; };
		608BF886440FD66058DA3BBC /* VLCBenchTests.xctest */ = {isa = PBXFileReference; explicitFileType = wrapper.cfbundle; includeInIndex = 0; path = VLCBenchTests.xctest; sourceTree = BUILT_PRODUCTS_DIR; };
		70AB4B4E55FD50F1B4561714 /* AVBenchTests.xctest */ = {isa = PBXFileReference; explicitFileType = wrapper.cfbundle; includeInIndex = 0; path = AVBenchTests.xctest; sourceTree = BUILT_PRODUCTS_DIR; };
		930E50D58D9ADD8334625133 /* .gitkeep */ = {isa = PBXFileReference; path = .gitkeep; sourceTree = "<group>"; };
		9B87F7C269BD60A54027CA17 /* AetherBench */ = {isa = PBXFileReference; includeInIndex = 0; path = AetherBench; sourceTree = BUILT_PRODUCTS_DIR; };
		C0C04DC6CE2645B43592F1A3 /* VLCBench */ = {isa = PBXFileReference; includeInIndex = 0; path = VLCBench; sourceTree = BUILT_PRODUCTS_DIR; };
		C6112D57FA7A689A54291B33 /* AVBench */ = {isa = PBXFileReference; includeInIndex = 0; path = AVBench; sourceTree = BUILT_PRODUCTS_DIR; };
		D103E6CBC42AF0C4090E92E1 /* BenchArgumentsTests.swift */ = {isa = PBXFileReference; lastKnownFileType = sourcecode.swift; path = BenchArgumentsTests.swift; sourceTree = "<group>"; };
		E4A84D4E1CD324E00F8E6010 /* .gitkeep */ = {isa = PBXFileReference; path = .gitkeep; sourceTree = "<group>"; };
		E4CE92192C20DF62D27EFF43 /* VLCKitBackend.swift */ = {isa = PBXFileReference; lastKnownFileType = sourcecode.swift; path = VLCKitBackend.swift; sourceTree = "<group>"; };
		E9CAA105AA118C8B8928E5A4 /* BenchArguments.swift */ = {isa = PBXFileReference; lastKnownFileType = sourcecode.swift; path = BenchArguments.swift; sourceTree = "<group>"; };
		F4943A793DE0089C443CAF03 /* AVPlayerBackend.swift */ = {isa = PBXFileReference; lastKnownFileType = sourcecode.swift; path = AVPlayerBackend.swift; sourceTree = "<group>"; };
/* End PBXFileReference section */

/* Begin PBXFrameworksBuildPhase section */
		332F5963AF166BDB5E9BB203 /* Frameworks */ = {
			isa = PBXFrameworksBuildPhase;
			buildActionMask = 2147483647;
			files = (
				42E785CC969B279D3BA09DA4 /* VLCKitSPM in Frameworks */,
			);
			runOnlyForDeploymentPostprocessing = 0;
		};
		614109646FA023B65D271380 /* Frameworks */ = {
			isa = PBXFrameworksBuildPhase;
			buildActionMask = 2147483647;
			files = (
				E9D9EEDE41CC0DBAEACC3F51 /* AetherEngine in Frameworks */,
			);
			runOnlyForDeploymentPostprocessing = 0;
		};
		8D39E19CAD9BE020FA8E2D27 /* Frameworks */ = {
			isa = PBXFrameworksBuildPhase;
			buildActionMask = 2147483647;
			files = (
				0A101E37DF92734363616EFC /* VLCKitSPM in Frameworks */,
			);
			runOnlyForDeploymentPostprocessing = 0;
		};
		EFE0D014DED63931D3A695C6 /* Frameworks */ = {
			isa = PBXFrameworksBuildPhase;
			buildActionMask = 2147483647;
			files = (
				DDDBAE9C5CD82A007F3E0B9A /* AetherEngine in Frameworks */,
			);
			runOnlyForDeploymentPostprocessing = 0;
		};
/* End PBXFrameworksBuildPhase section */

/* Begin PBXGroup section */
		0510A9E49E44E32942758195 /* Sources */ = {
			isa = PBXGroup;
			children = (
				FB81DADD0C10F1971839174A /* Backends */,
				7E2FFF42529FC6608FB111CD /* Shared */,
			);
			path = Sources;
			sourceTree = "<group>";
		};
		230071F5DFFF97C21B8697A0 /* AVBenchTests */ = {
			isa = PBXGroup;
			children = (
				E4A84D4E1CD324E00F8E6010 /* .gitkeep */,
				D103E6CBC42AF0C4090E92E1 /* BenchArgumentsTests.swift */,
			);
			path = AVBenchTests;
			sourceTree = "<group>";
		};
		2C29978E52A590D94A4AD35F /* AetherBenchTests */ = {
			isa = PBXGroup;
			children = (
				21CA0390DADF53830CC00308 /* .gitkeep */,
			);
			path = AetherBenchTests;
			sourceTree = "<group>";
		};
		6FF30FEE7E2F508668651370 /* Tests */ = {
			isa = PBXGroup;
			children = (
				2C29978E52A590D94A4AD35F /* AetherBenchTests */,
				230071F5DFFF97C21B8697A0 /* AVBenchTests */,
				73619C7C47DCB3D86FA1D8EF /* VLCBenchTests */,
			);
			path = Tests;
			sourceTree = "<group>";
		};
		70A76791CCB491EF5F5C1F60 = {
			isa = PBXGroup;
			children = (
				0510A9E49E44E32942758195 /* Sources */,
				6FF30FEE7E2F508668651370 /* Tests */,
				7FB736B1370296FFAFE8CD06 /* Products */,
			);
			sourceTree = "<group>";
		};
		73619C7C47DCB3D86FA1D8EF /* VLCBenchTests */ = {
			isa = PBXGroup;
			children = (
				930E50D58D9ADD8334625133 /* .gitkeep */,
			);
			path = VLCBenchTests;
			sourceTree = "<group>";
		};
		7E2FFF42529FC6608FB111CD /* Shared */ = {
			isa = PBXGroup;
			children = (
				E9CAA105AA118C8B8928E5A4 /* BenchArguments.swift */,
				3383D8D5A4DB82104534436D /* BenchReport.swift */,
				05B1C4DB1FEC7C68EDEFDD27 /* main.swift */,
			);
			path = Shared;
			sourceTree = "<group>";
		};
		7FB736B1370296FFAFE8CD06 /* Products */ = {
			isa = PBXGroup;
			children = (
				9B87F7C269BD60A54027CA17 /* AetherBench */,
				597B03D72BE6F706C3F002E9 /* AetherBenchTests.xctest */,
				C6112D57FA7A689A54291B33 /* AVBench */,
				70AB4B4E55FD50F1B4561714 /* AVBenchTests.xctest */,
				C0C04DC6CE2645B43592F1A3 /* VLCBench */,
				608BF886440FD66058DA3BBC /* VLCBenchTests.xctest */,
			);
			name = Products;
			sourceTree = "<group>";
		};
		FB81DADD0C10F1971839174A /* Backends */ = {
			isa = PBXGroup;
			children = (
				01EC7F4D6CCE785DA4637BBA /* AetherBackend.swift */,
				F4943A793DE0089C443CAF03 /* AVPlayerBackend.swift */,
				E4CE92192C20DF62D27EFF43 /* VLCKitBackend.swift */,
			);
			path = Backends;
			sourceTree = "<group>";
		};
/* End PBXGroup section */

/* Begin PBXNativeTarget section */
		451B6CD8AF38646EBBDFDEAB /* VLCBench */ = {
			isa = PBXNativeTarget;
			buildConfigurationList = 4E8C97E0B9CDAA2E4C7BF6E9 /* Build configuration list for PBXNativeTarget "VLCBench" */;
			buildPhases = (
				8FBB30DFE9C7AA37D8652AA8 /* Sources */,
				332F5963AF166BDB5E9BB203 /* Frameworks */,
			);
			buildRules = (
			);
			dependencies = (
			);
			name = VLCBench;
			packageProductDependencies = (
				D0631080D0E20E9C5B301BE4 /* VLCKitSPM */,
			);
			productName = VLCBench;
			productReference = C0C04DC6CE2645B43592F1A3 /* VLCBench */;
			productType = "com.apple.product-type.tool";
		};
		98AAE18330A8659487CFC451 /* AVBench */ = {
			isa = PBXNativeTarget;
			buildConfigurationList = 8D6B6A27A6E2320658F68CB8 /* Build configuration list for PBXNativeTarget "AVBench" */;
			buildPhases = (
				62A8713B25CB1E81ACA0FA1F /* Sources */,
			);
			buildRules = (
			);
			dependencies = (
			);
			name = AVBench;
			packageProductDependencies = (
			);
			productName = AVBench;
			productReference = C6112D57FA7A689A54291B33 /* AVBench */;
			productType = "com.apple.product-type.tool";
		};
		C1A2777983897ACB745E7BDC /* AVBenchTests */ = {
			isa = PBXNativeTarget;
			buildConfigurationList = 691F72D755EF7D75C354ECE9 /* Build configuration list for PBXNativeTarget "AVBenchTests" */;
			buildPhases = (
				30418BA912FE6FD5D74DB6FC /* Sources */,
			);
			buildRules = (
			);
			dependencies = (
			);
			name = AVBenchTests;
			packageProductDependencies = (
			);
			productName = AVBenchTests;
			productReference = 70AB4B4E55FD50F1B4561714 /* AVBenchTests.xctest */;
			productType = "com.apple.product-type.bundle.unit-test";
		};
		D5E3ACE82C43E88C15A84296 /* AetherBenchTests */ = {
			isa = PBXNativeTarget;
			buildConfigurationList = 26EAC8866E4F51DAFABADFDB /* Build configuration list for PBXNativeTarget "AetherBenchTests" */;
			buildPhases = (
				F7FE574565DD2FB2105653F7 /* Sources */,
				614109646FA023B65D271380 /* Frameworks */,
			);
			buildRules = (
			);
			dependencies = (
			);
			name = AetherBenchTests;
			packageProductDependencies = (
				A7F563DFE1A29100755DB79B /* AetherEngine */,
			);
			productName = AetherBenchTests;
			productReference = 597B03D72BE6F706C3F002E9 /* AetherBenchTests.xctest */;
			productType = "com.apple.product-type.bundle.unit-test";
		};
		D67916A3A67AD72AC26754D2 /* VLCBenchTests */ = {
			isa = PBXNativeTarget;
			buildConfigurationList = CECFCF4E05E24C08725C21E7 /* Build configuration list for PBXNativeTarget "VLCBenchTests" */;
			buildPhases = (
				F7423F811033CEB407189E2B /* Sources */,
				8D39E19CAD9BE020FA8E2D27 /* Frameworks */,
			);
			buildRules = (
			);
			dependencies = (
			);
			name = VLCBenchTests;
			packageProductDependencies = (
				D6C1BB455C6B5CC146A1DA07 /* VLCKitSPM */,
			);
			productName = VLCBenchTests;
			productReference = 608BF886440FD66058DA3BBC /* VLCBenchTests.xctest */;
			productType = "com.apple.product-type.bundle.unit-test";
		};
		E19F2AD754868B1700CA6FBF /* AetherBench */ = {
			isa = PBXNativeTarget;
			buildConfigurationList = 0B9DC6C328C17148C2F94280 /* Build configuration list for PBXNativeTarget "AetherBench" */;
			buildPhases = (
				21C39A27D395FA313FA68529 /* Sources */,
				EFE0D014DED63931D3A695C6 /* Frameworks */,
			);
			buildRules = (
			);
			dependencies = (
			);
			name = AetherBench;
			packageProductDependencies = (
				860117A5A96DB12D6293F2B2 /* AetherEngine */,
			);
			productName = AetherBench;
			productReference = 9B87F7C269BD60A54027CA17 /* AetherBench */;
			productType = "com.apple.product-type.tool";
		};
/* End PBXNativeTarget section */

/* Begin PBXProject section */
		6D796561EDC4AE730092FF76 /* Project object */ = {
			isa = PBXProject;
			attributes = {
				BuildIndependentTargetsInParallel = YES;
				LastUpgradeCheck = 1430;
				TargetAttributes = {
				};
			};
			buildConfigurationList = 25120AB41BC355CA7CE162C4 /* Build configuration list for PBXProject "AetherBench" */;
			developmentRegion = en;
			hasScannedForEncodings = 0;
			knownRegions = (
				Base,
				en,
			);
			mainGroup = 70A76791CCB491EF5F5C1F60;
			minimizedProjectReferenceProxies = 1;
			packageReferences = (
				CB38DD9964A90A4ADA9BB598 /* XCRemoteSwiftPackageReference "AetherEngine" */,
				4360DA1D410BF382B0552FE4 /* XCRemoteSwiftPackageReference "vlckit-spm" */,
			);
			preferredProjectObjectVersion = 77;
			productRefGroup = 7FB736B1370296FFAFE8CD06 /* Products */;
			projectDirPath = "";
			projectRoot = "";
			targets = (
				98AAE18330A8659487CFC451 /* AVBench */,
				C1A2777983897ACB745E7BDC /* AVBenchTests */,
				E19F2AD754868B1700CA6FBF /* AetherBench */,
				D5E3ACE82C43E88C15A84296 /* AetherBenchTests */,
				451B6CD8AF38646EBBDFDEAB /* VLCBench */,
				D67916A3A67AD72AC26754D2 /* VLCBenchTests */,
			);
		};
/* End PBXProject section */

/* Begin PBXSourcesBuildPhase section */
		21C39A27D395FA313FA68529 /* Sources */ = {
			isa = PBXSourcesBuildPhase;
			buildActionMask = 2147483647;
			files = (
				1FF61BF550BD2213EA80EFA0 /* AetherBackend.swift in Sources */,
				50E07C477043BFB03E953476 /* BenchArguments.swift in Sources */,
				FD9D86651563C56C3295CDD1 /* BenchReport.swift in Sources */,
				BCF808A04BE1EB094438DA36 /* main.swift in Sources */,
			);
			runOnlyForDeploymentPostprocessing = 0;
		};
		30418BA912FE6FD5D74DB6FC /* Sources */ = {
			isa = PBXSourcesBuildPhase;
			buildActionMask = 2147483647;
			files = (
				157993BC07585EDF7A29DB12 /* AVPlayerBackend.swift in Sources */,
				64162293DD5121DC26578C45 /* BenchArguments.swift in Sources */,
				03F0792670DC1819F2EBCFBE /* BenchArgumentsTests.swift in Sources */,
				33E3797F81BB39FD2A715E21 /* BenchReport.swift in Sources */,
				DBF67837DB79AD0334624968 /* main.swift in Sources */,
			);
			runOnlyForDeploymentPostprocessing = 0;
		};
		62A8713B25CB1E81ACA0FA1F /* Sources */ = {
			isa = PBXSourcesBuildPhase;
			buildActionMask = 2147483647;
			files = (
				F947168733B8520676B4FD20 /* AVPlayerBackend.swift in Sources */,
				729A2109FB003DBD2DF8942C /* BenchArguments.swift in Sources */,
				8B11C39880052B4265AEADC4 /* BenchReport.swift in Sources */,
				34F7950E02E77B474A631D87 /* main.swift in Sources */,
			);
			runOnlyForDeploymentPostprocessing = 0;
		};
		8FBB30DFE9C7AA37D8652AA8 /* Sources */ = {
			isa = PBXSourcesBuildPhase;
			buildActionMask = 2147483647;
			files = (
				1EA9051311FCF449415FE100 /* BenchArguments.swift in Sources */,
				C6FAB7B7A975961EB8303270 /* BenchReport.swift in Sources */,
				B2D8D42E09D732620E1A21A8 /* VLCKitBackend.swift in Sources */,
				B2DDD0CC7A4C0FFB5C249963 /* main.swift in Sources */,
			);
			runOnlyForDeploymentPostprocessing = 0;
		};
		F7423F811033CEB407189E2B /* Sources */ = {
			isa = PBXSourcesBuildPhase;
			buildActionMask = 2147483647;
			files = (
				65F854F7931ECA6BCE785D4F /* BenchArguments.swift in Sources */,
				D018D7B84093732111C98F64 /* BenchReport.swift in Sources */,
				FC431FC04EE8E84738897514 /* VLCKitBackend.swift in Sources */,
				08E23763E283E52610D2229F /* main.swift in Sources */,
			);
			runOnlyForDeploymentPostprocessing = 0;
		};
		F7FE574565DD2FB2105653F7 /* Sources */ = {
			isa = PBXSourcesBuildPhase;
			buildActionMask = 2147483647;
			files = (
				FD6F7C9DD6778F40EE9B118A /* AetherBackend.swift in Sources */,
				E3C7F3BCB49548907B16741F /* BenchArguments.swift in Sources */,
				1E97A2C683EAC8EA2F5529C9 /* BenchReport.swift in Sources */,
				D62B467B83B709E89FA941C8 /* main.swift in Sources */,
			);
			runOnlyForDeploymentPostprocessing = 0;
		};
/* End PBXSourcesBuildPhase section */

/* Begin XCBuildConfiguration section */
		29932243C9D9ED2A4D054CCB /* Release */ = {
			isa = XCBuildConfiguration;
			buildSettings = {
				BUNDLE_LOADER = "$(TEST_HOST)";
				COMBINE_HIDPI_IMAGES = YES;
				GENERATE_INFOPLIST_FILE = YES;
				LD_RUNPATH_SEARCH_PATHS = (
					"$(inherited)",
					"@executable_path/../Frameworks",
					"@loader_path/../Frameworks",
				);
				PRODUCT_BUNDLE_IDENTIFIER = de.superuser404.VLCBenchTests;
				SDKROOT = macosx;
				SWIFT_ACTIVE_COMPILATION_CONDITIONS = BACKEND_VLCKIT;
			};
			name = Release;
		};
		3098A3E5360C830C30C971BA /* Release */ = {
			isa = XCBuildConfiguration;
			buildSettings = {
				COMBINE_HIDPI_IMAGES = YES;
				LD_RUNPATH_SEARCH_PATHS = (
					"$(inherited)",
					"@executable_path/../Frameworks",
				);
				PRODUCT_BUNDLE_IDENTIFIER = de.superuser404.AetherBench;
				SDKROOT = macosx;
				SWIFT_ACTIVE_COMPILATION_CONDITIONS = BACKEND_AETHER;
			};
			name = Release;
		};
		36A14BDF55E7ED3883332028 /* Debug */ = {
			isa = XCBuildConfiguration;
			buildSettings = {
				ALWAYS_SEARCH_USER_PATHS = NO;
				ARCHS = "$(ARCHS_STANDARD)";
				CLANG_ANALYZER_NONNULL = YES;
				CLANG_ANALYZER_NUMBER_OBJECT_CONVERSION = YES_AGGRESSIVE;
				CLANG_CXX_LANGUAGE_STANDARD = "gnu++14";
				CLANG_CXX_LIBRARY = "libc++";
				CLANG_ENABLE_MODULES = YES;
				CLANG_ENABLE_OBJC_ARC = YES;
				CLANG_ENABLE_OBJC_WEAK = YES;
				CLANG_WARN_BLOCK_CAPTURE_AUTORELEASING = YES;
				CLANG_WARN_BOOL_CONVERSION = YES;
				CLANG_WARN_COMMA = YES;
				CLANG_WARN_CONSTANT_CONVERSION = YES;
				CLANG_WARN_DEPRECATED_OBJC_IMPLEMENTATIONS = YES;
				CLANG_WARN_DIRECT_OBJC_ISA_USAGE = YES_ERROR;
				CLANG_WARN_DOCUMENTATION_COMMENTS = YES;
				CLANG_WARN_EMPTY_BODY = YES;
				CLANG_WARN_ENUM_CONVERSION = YES;
				CLANG_WARN_INFINITE_RECURSION = YES;
				CLANG_WARN_INT_CONVERSION = YES;
				CLANG_WARN_NON_LITERAL_NULL_CONVERSION = YES;
				CLANG_WARN_OBJC_IMPLICIT_RETAIN_SELF = YES;
				CLANG_WARN_OBJC_LITERAL_CONVERSION = YES;
				CLANG_WARN_OBJC_ROOT_CLASS = YES_ERROR;
				CLANG_WARN_QUOTED_INCLUDE_IN_FRAMEWORK_HEADER = YES;
				CLANG_WARN_RANGE_LOOP_ANALYSIS = YES;
				CLANG_WARN_STRICT_PROTOTYPES = YES;
				CLANG_WARN_SUSPICIOUS_MOVE = YES;
				CLANG_WARN_UNGUARDED_AVAILABILITY = YES_AGGRESSIVE;
				CLANG_WARN_UNREACHABLE_CODE = YES;
				CLANG_WARN__DUPLICATE_METHOD_MATCH = YES;
				COPY_PHASE_STRIP = NO;
				CURRENT_PROJECT_VERSION = 1;
				DEBUG_INFORMATION_FORMAT = dwarf;
				ENABLE_STRICT_OBJC_MSGSEND = YES;
				ENABLE_TESTABILITY = YES;
				GCC_C_LANGUAGE_STANDARD = gnu11;
				GCC_DYNAMIC_NO_PIC = NO;
				GCC_NO_COMMON_BLOCKS = YES;
				GCC_OPTIMIZATION_LEVEL = 0;
				GCC_PREPROCESSOR_DEFINITIONS = (
					"$(inherited)",
					"DEBUG=1",
				);
				GCC_WARN_64_TO_32_BIT_CONVERSION = YES;
				GCC_WARN_ABOUT_RETURN_TYPE = YES_ERROR;
				GCC_WARN_UNDECLARED_SELECTOR = YES;
				GCC_WARN_UNINITIALIZED_AUTOS = YES_AGGRESSIVE;
				GCC_WARN_UNUSED_FUNCTION = YES;
				GCC_WARN_UNUSED_VARIABLE = YES;
				MACOSX_DEPLOYMENT_TARGET = 14.0;
				MARKETING_VERSION = 0.1.0;
				MTL_ENABLE_DEBUG_INFO = INCLUDE_SOURCE;
				MTL_FAST_MATH = YES;
				ONLY_ACTIVE_ARCH = YES;
				PRODUCT_NAME = "$(TARGET_NAME)";
				SDKROOT = macosx;
				SWIFT_ACTIVE_COMPILATION_CONDITIONS = DEBUG;
				SWIFT_OPTIMIZATION_LEVEL = "-Onone";
				SWIFT_VERSION = 6.0;
			};
			name = Debug;
		};
		723792DB6C2C1062BC6DB081 /* Debug */ = {
			isa = XCBuildConfiguration;
			buildSettings = {
				BUNDLE_LOADER = "$(TEST_HOST)";
				COMBINE_HIDPI_IMAGES = YES;
				GENERATE_INFOPLIST_FILE = YES;
				LD_RUNPATH_SEARCH_PATHS = (
					"$(inherited)",
					"@executable_path/../Frameworks",
					"@loader_path/../Frameworks",
				);
				PRODUCT_BUNDLE_IDENTIFIER = de.superuser404.AetherBenchTests;
				SDKROOT = macosx;
				SWIFT_ACTIVE_COMPILATION_CONDITIONS = BACKEND_AETHER;
			};
			name = Debug;
		};
		8B3428F6920EAE19744E8A14 /* Debug */ = {
			isa = XCBuildConfiguration;
			buildSettings = {
				BUNDLE_LOADER = "$(TEST_HOST)";
				COMBINE_HIDPI_IMAGES = YES;
				GENERATE_INFOPLIST_FILE = YES;
				LD_RUNPATH_SEARCH_PATHS = (
					"$(inherited)",
					"@executable_path/../Frameworks",
					"@loader_path/../Frameworks",
				);
				PRODUCT_BUNDLE_IDENTIFIER = de.superuser404.AVBenchTests;
				SDKROOT = macosx;
				SWIFT_ACTIVE_COMPILATION_CONDITIONS = BACKEND_AVPLAYER;
			};
			name = Debug;
		};
		B02A8F0FDF68D6432FA8B862 /* Debug */ = {
			isa = XCBuildConfiguration;
			buildSettings = {
				COMBINE_HIDPI_IMAGES = YES;
				LD_RUNPATH_SEARCH_PATHS = (
					"$(inherited)",
					"@executable_path/../Frameworks",
				);
				PRODUCT_BUNDLE_IDENTIFIER = de.superuser404.AetherBench;
				SDKROOT = macosx;
				SWIFT_ACTIVE_COMPILATION_CONDITIONS = BACKEND_AETHER;
			};
			name = Debug;
		};
		C28578F1EFA64E908F08D870 /* Release */ = {
			isa = XCBuildConfiguration;
			buildSettings = {
				COMBINE_HIDPI_IMAGES = YES;
				LD_RUNPATH_SEARCH_PATHS = (
					"$(inherited)",
					"@executable_path/../Frameworks",
				);
				PRODUCT_BUNDLE_IDENTIFIER = de.superuser404.AVBench;
				SDKROOT = macosx;
				SWIFT_ACTIVE_COMPILATION_CONDITIONS = BACKEND_AVPLAYER;
			};
			name = Release;
		};
		C4F7071FFC5697EAA44F7E05 /* Debug */ = {
			isa = XCBuildConfiguration;
			buildSettings = {
				COMBINE_HIDPI_IMAGES = YES;
				LD_RUNPATH_SEARCH_PATHS = (
					"$(inherited)",
					"@executable_path/../Frameworks",
				);
				PRODUCT_BUNDLE_IDENTIFIER = de.superuser404.VLCBench;
				SDKROOT = macosx;
				SWIFT_ACTIVE_COMPILATION_CONDITIONS = BACKEND_VLCKIT;
			};
			name = Debug;
		};
		CB2AAD289FDA52D84E9B1A38 /* Release */ = {
			isa = XCBuildConfiguration;
			buildSettings = {
				BUNDLE_LOADER = "$(TEST_HOST)";
				COMBINE_HIDPI_IMAGES = YES;
				GENERATE_INFOPLIST_FILE = YES;
				LD_RUNPATH_SEARCH_PATHS = (
					"$(inherited)",
					"@executable_path/../Frameworks",
					"@loader_path/../Frameworks",
				);
				PRODUCT_BUNDLE_IDENTIFIER = de.superuser404.AVBenchTests;
				SDKROOT = macosx;
				SWIFT_ACTIVE_COMPILATION_CONDITIONS = BACKEND_AVPLAYER;
			};
			name = Release;
		};
		D5E76268099F5B1261ECA72E /* Debug */ = {
			isa = XCBuildConfiguration;
			buildSettings = {
				BUNDLE_LOADER = "$(TEST_HOST)";
				COMBINE_HIDPI_IMAGES = YES;
				GENERATE_INFOPLIST_FILE = YES;
				LD_RUNPATH_SEARCH_PATHS = (
					"$(inherited)",
					"@executable_path/../Frameworks",
					"@loader_path/../Frameworks",
				);
				PRODUCT_BUNDLE_IDENTIFIER = de.superuser404.VLCBenchTests;
				SDKROOT = macosx;
				SWIFT_ACTIVE_COMPILATION_CONDITIONS = BACKEND_VLCKIT;
			};
			name = Debug;
		};
		DCB52D59C7CE07FB7CF6153E /* Release */ = {
			isa = XCBuildConfiguration;
			buildSettings = {
				BUNDLE_LOADER = "$(TEST_HOST)";
				COMBINE_HIDPI_IMAGES = YES;
				GENERATE_INFOPLIST_FILE = YES;
				LD_RUNPATH_SEARCH_PATHS = (
					"$(inherited)",
					"@executable_path/../Frameworks",
					"@loader_path/../Frameworks",
				);
				PRODUCT_BUNDLE_IDENTIFIER = de.superuser404.AetherBenchTests;
				SDKROOT = macosx;
				SWIFT_ACTIVE_COMPILATION_CONDITIONS = BACKEND_AETHER;
			};
			name = Release;
		};
		DE52BD7A3DA622C105F16B5F /* Debug */ = {
			isa = XCBuildConfiguration;
			buildSettings = {
				COMBINE_HIDPI_IMAGES = YES;
				LD_RUNPATH_SEARCH_PATHS = (
					"$(inherited)",
					"@executable_path/../Frameworks",
				);
				PRODUCT_BUNDLE_IDENTIFIER = de.superuser404.AVBench;
				SDKROOT = macosx;
				SWIFT_ACTIVE_COMPILATION_CONDITIONS = BACKEND_AVPLAYER;
			};
			name = Debug;
		};
		E78B01A458A85D197117FE26 /* Release */ = {
			isa = XCBuildConfiguration;
			buildSettings = {
				COMBINE_HIDPI_IMAGES = YES;
				LD_RUNPATH_SEARCH_PATHS = (
					"$(inherited)",
					"@executable_path/../Frameworks",
				);
				PRODUCT_BUNDLE_IDENTIFIER = de.superuser404.VLCBench;
				SDKROOT = macosx;
				SWIFT_ACTIVE_COMPILATION_CONDITIONS = BACKEND_VLCKIT;
			};
			name = Release;
		};
		FF9B2BBA367BD425C5200EBA /* Release */ = {
			isa = XCBuildConfiguration;
			buildSettings = {
				ALWAYS_SEARCH_USER_PATHS = NO;
				ARCHS = "$(ARCHS_STANDARD)";
				CLANG_ANALYZER_NONNULL = YES;
				CLANG_ANALYZER_NUMBER_OBJECT_CONVERSION = YES_AGGRESSIVE;
				CLANG_CXX_LANGUAGE_STANDARD = "gnu++14";
				CLANG_CXX_LIBRARY = "libc++";
				CLANG_ENABLE_MODULES = YES;
				CLANG_ENABLE_OBJC_ARC = YES;
				CLANG_ENABLE_OBJC_WEAK = YES;
				CLANG_WARN_BLOCK_CAPTURE_AUTORELEASING = YES;
				CLANG_WARN_BOOL_CONVERSION = YES;
				CLANG_WARN_COMMA = YES;
				CLANG_WARN_CONSTANT_CONVERSION = YES;
				CLANG_WARN_DEPRECATED_OBJC_IMPLEMENTATIONS = YES;
				CLANG_WARN_DIRECT_OBJC_ISA_USAGE = YES_ERROR;
				CLANG_WARN_DOCUMENTATION_COMMENTS = YES;
				CLANG_WARN_EMPTY_BODY = YES;
				CLANG_WARN_ENUM_CONVERSION = YES;
				CLANG_WARN_INFINITE_RECURSION = YES;
				CLANG_WARN_INT_CONVERSION = YES;
				CLANG_WARN_NON_LITERAL_NULL_CONVERSION = YES;
				CLANG_WARN_OBJC_IMPLICIT_RETAIN_SELF = YES;
				CLANG_WARN_OBJC_LITERAL_CONVERSION = YES;
				CLANG_WARN_OBJC_ROOT_CLASS = YES_ERROR;
				CLANG_WARN_QUOTED_INCLUDE_IN_FRAMEWORK_HEADER = YES;
				CLANG_WARN_RANGE_LOOP_ANALYSIS = YES;
				CLANG_WARN_STRICT_PROTOTYPES = YES;
				CLANG_WARN_SUSPICIOUS_MOVE = YES;
				CLANG_WARN_UNGUARDED_AVAILABILITY = YES_AGGRESSIVE;
				CLANG_WARN_UNREACHABLE_CODE = YES;
				CLANG_WARN__DUPLICATE_METHOD_MATCH = YES;
				COPY_PHASE_STRIP = NO;
				CURRENT_PROJECT_VERSION = 1;
				DEBUG_INFORMATION_FORMAT = "dwarf-with-dsym";
				ENABLE_NS_ASSERTIONS = NO;
				ENABLE_STRICT_OBJC_MSGSEND = YES;
				GCC_C_LANGUAGE_STANDARD = gnu11;
				GCC_NO_COMMON_BLOCKS = YES;
				GCC_WARN_64_TO_32_BIT_CONVERSION = YES;
				GCC_WARN_ABOUT_RETURN_TYPE = YES_ERROR;
				GCC_WARN_UNDECLARED_SELECTOR = YES;
				GCC_WARN_UNINITIALIZED_AUTOS = YES_AGGRESSIVE;
				GCC_WARN_UNUSED_FUNCTION = YES;
				GCC_WARN_UNUSED_VARIABLE = YES;
				MACOSX_DEPLOYMENT_TARGET = 14.0;
				MARKETING_VERSION = 0.1.0;
				MTL_ENABLE_DEBUG_INFO = NO;
				MTL_FAST_MATH = YES;
				ONLY_ACTIVE_ARCH = NO;
				PRODUCT_NAME = "$(TARGET_NAME)";
				SDKROOT = macosx;
				SWIFT_COMPILATION_MODE = wholemodule;
				SWIFT_OPTIMIZATION_LEVEL = "-O";
				SWIFT_VERSION = 6.0;
			};
			name = Release;
		};
/* End XCBuildConfiguration section */

/* Begin XCConfigurationList section */
		0B9DC6C328C17148C2F94280 /* Build configuration list for PBXNativeTarget "AetherBench" */ = {
			isa = XCConfigurationList;
			buildConfigurations = (
				B02A8F0FDF68D6432FA8B862 /* Debug */,
				3098A3E5360C830C30C971BA /* Release */,
			);
			defaultConfigurationIsVisible = 0;
			defaultConfigurationName = Debug;
		};
		25120AB41BC355CA7CE162C4 /* Build configuration list for PBXProject "AetherBench" */ = {
			isa = XCConfigurationList;
			buildConfigurations = (
				36A14BDF55E7ED3883332028 /* Debug */,
				FF9B2BBA367BD425C5200EBA /* Release */,
			);
			defaultConfigurationIsVisible = 0;
			defaultConfigurationName = Debug;
		};
		26EAC8866E4F51DAFABADFDB /* Build configuration list for PBXNativeTarget "AetherBenchTests" */ = {
			isa = XCConfigurationList;
			buildConfigurations = (
				723792DB6C2C1062BC6DB081 /* Debug */,
				DCB52D59C7CE07FB7CF6153E /* Release */,
			);
			defaultConfigurationIsVisible = 0;
			defaultConfigurationName = Debug;
		};
		4E8C97E0B9CDAA2E4C7BF6E9 /* Build configuration list for PBXNativeTarget "VLCBench" */ = {
			isa = XCConfigurationList;
			buildConfigurations = (
				C4F7071FFC5697EAA44F7E05 /* Debug */,
				E78B01A458A85D197117FE26 /* Release */,
			);
			defaultConfigurationIsVisible = 0;
			defaultConfigurationName = Debug;
		};
		691F72D755EF7D75C354ECE9 /* Build configuration list for PBXNativeTarget "AVBenchTests" */ = {
			isa = XCConfigurationList;
			buildConfigurations = (
				8B3428F6920EAE19744E8A14 /* Debug */,
				CB2AAD289FDA52D84E9B1A38 /* Release */,
			);
			defaultConfigurationIsVisible = 0;
			defaultConfigurationName = Debug;
		};
		8D6B6A27A6E2320658F68CB8 /* Build configuration list for PBXNativeTarget "AVBench" */ = {
			isa = XCConfigurationList;
			buildConfigurations = (
				DE52BD7A3DA622C105F16B5F /* Debug */,
				C28578F1EFA64E908F08D870 /* Release */,
			);
			defaultConfigurationIsVisible = 0;
			defaultConfigurationName = Debug;
		};
		CECFCF4E05E24C08725C21E7 /* Build configuration list for PBXNativeTarget "VLCBenchTests" */ = {
			isa = XCConfigurationList;
			buildConfigurations = (
				D5E76268099F5B1261ECA72E /* Debug */,
				29932243C9D9ED2A4D054CCB /* Release */,
			);
			defaultConfigurationIsVisible = 0;
			defaultConfigurationName = Debug;
		};
/* End XCConfigurationList section */

/* Begin XCRemoteSwiftPackageReference section */
		4360DA1D410BF382B0552FE4 /* XCRemoteSwiftPackageReference "vlckit-spm" */ = {
			isa = XCRemoteSwiftPackageReference;
			repositoryURL = "https://github.com/virtualox/vlckit-spm";
			requirement = {
				kind = exactVersion;
				version = "4.0.0-alpha.21";
			};
		};
		CB38DD9964A90A4ADA9BB598 /* XCRemoteSwiftPackageReference "AetherEngine" */ = {
			isa = XCRemoteSwiftPackageReference;
			repositoryURL = "https://github.com/superuser404notfound/AetherEngine";
			requirement = {
				kind = revision;
				revision = 73354ec8c6d20ca954b1874254b69fa19e2ffce5;
			};
		};
/* End XCRemoteSwiftPackageReference section */

/* Begin XCSwiftPackageProductDependency section */
		860117A5A96DB12D6293F2B2 /* AetherEngine */ = {
			isa = XCSwiftPackageProductDependency;
			package = CB38DD9964A90A4ADA9BB598 /* XCRemoteSwiftPackageReference "AetherEngine" */;
			productName = AetherEngine;
		};
		A7F563DFE1A29100755DB79B /* AetherEngine */ = {
			isa = XCSwiftPackageProductDependency;
			package = CB38DD9964A90A4ADA9BB598 /* XCRemoteSwiftPackageReference "AetherEngine" */;
			productName = AetherEngine;
		};
		D0631080D0E20E9C5B301BE4 /* VLCKitSPM */ = {
			isa = XCSwiftPackageProductDependency;
			package = 4360DA1D410BF382B0552FE4 /* XCRemoteSwiftPackageReference "vlckit-spm" */;
			productName = VLCKitSPM;
		};
		D6C1BB455C6B5CC146A1DA07 /* VLCKitSPM */ = {
			isa = XCSwiftPackageProductDependency;
			package = 4360DA1D410BF382B0552FE4 /* XCRemoteSwiftPackageReference "vlckit-spm" */;
			productName = VLCKitSPM;
		};
/* End XCSwiftPackageProductDependency section */
	};
	rootObject = 6D796561EDC4AE730092FF76 /* Project object */;
}
